// !$*UTF8*$!
{
	archiveVersion = 1;
	classes = {
	};
	objectVersion = 55;
	objects = {

/* Begin PBXBuildFile section */
		CB8DE28327FC0AC500855B7F /* Recipe_List_App.swift in Sources */ = {isa = PBXBuildFile; fileRef = CB8DE28227FC0AC500855B7F /* Recipe_List_App.swift */; };
		CB8DE28527FC0AC500855B7F /* ContentView.swift in Sources */ = {isa = PBXBuildFile; fileRef = CB8DE28427FC0AC500855B7F /* ContentView.swift */; };
		CB8DE28727FC0AC700855B7F /* Assets.xcassets in Resources */ = {isa = PBXBuildFile; fileRef = CB8DE28627FC0AC700855B7F /* Assets.xcassets */; };
		CB8DE28A27FC0AC700855B7F /* Preview Assets.xcassets in Resources */ = {isa = PBXBuildFile; fileRef = CB8DE28927FC0AC700855B7F /* Preview Assets.xcassets */; };
		CB8DE29727FC0B7000855B7F /* recipes.json in Resources */ = {isa = PBXBuildFile; fileRef = CB8DE29627FC0B7000855B7F /* recipes.json */; };
		CB8DE29927FC0BA700855B7F /* Recipe.swift in Sources */ = {isa = PBXBuildFile; fileRef = CB8DE29827FC0BA700855B7F /* Recipe.swift */; };
		CB8DE29B27FC0C7B00855B7F /* RecipeModel.swift in Sources */ = {isa = PBXBuildFile; fileRef = CB8DE29A27FC0C7B00855B7F /* RecipeModel.swift */; };
		CB8DE29D27FC0D3000855B7F /* DataService.swift in Sources */ = {isa = PBXBuildFile; fileRef = CB8DE29C27FC0D3000855B7F /* DataService.swift */; };
		CB8DE29F27FEB1B700855B7F /* RecipeDetailView.swift in Sources */ = {isa = PBXBuildFile; fileRef = CB8DE29E27FEB1B700855B7F /* RecipeDetailView.swift */; };
/* End PBXBuildFile section */

/* Begin PBXFileReference section */
		CB8DE27F27FC0AC500855B7F /* Recipe List App.app */ = {isa = PBXFileReference; explicitFileType = wrapper.application; includeInIndex = 0; path = "Recipe List App.app"; sourceTree = BUILT_PRODUCTS_DIR; };
		CB8DE28227FC0AC500855B7F /* Recipe_List_App.swift */ = {isa = PBXFileReference; lastKnownFileType = sourcecode.swift; path = Recipe_List_App.swift; sourceTree = "<group>"; };
		CB8DE28427FC0AC500855B7F /* ContentView.swift */ = {isa = PBXFileReference; lastKnownFileType = sourcecode.swift; path = ContentView.swift; sourceTree = "<group>"; };
		CB8DE28627FC0AC700855B7F /* Assets.xcassets */ = {isa = PBXFileReference; lastKnownFileType = folder.assetcatalog; path = Assets.xcassets; sourceTree = "<group>"; };
		CB8DE28927FC0AC700855B7F /* Preview Assets.xcassets */ = {isa = PBXFileReference; lastKnownFileType = folder.assetcatalog; path = "Preview Assets.xcassets"; sourceTree = "<group>"; };
		CB8DE29627FC0B7000855B7F /* recipes.json */ = {isa = PBXFileReference; fileEncoding = 4; lastKnownFileType = text.json; path = recipes.json; sourceTree = "<group>"; };
		CB8DE29827FC0BA700855B7F /* Recipe.swift */ = {isa = PBXFileReference; lastKnownFileType = sourcecode.swift; path = Recipe.swift; sourceTree = "<group>"; };
		CB8DE29A27FC0C7B00855B7F /* RecipeModel.swift */ = {isa = PBXFileReference; lastKnownFileType = sourcecode.swift; path = RecipeModel.swift; sourceTree = "<group>"; };
		CB8DE29C27FC0D3000855B7F /* DataService.swift */ = {isa = PBXFileReference; lastKnownFileType = sourcecode.swift; path = DataService.swift; sourceTree = "<group>"; };
		CB8DE29E27FEB1B700855B7F /* RecipeDetailView.swift */ = {isa = PBXFileReference; lastKnownFileType = sourcecode.swift; path = RecipeDetailView.swift; sourceTree = "<group>"; };
/* End PBXFileReference section */

/* Begin PBXFrameworksBuildPhase section */
		CB8DE27C27FC0AC500855B7F /* Frameworks */ = {
			isa = PBXFrameworksBuildPhase;
			buildActionMask = 2147483647;
			files = (
			);
			runOnlyForDeploymentPostprocessing = 0;
		};
/* End PBXFrameworksBuildPhase section */

/* Begin PBXGroup section */
		CB8DE27627FC0AC500855B7F = {
			isa = PBXGroup;
			children = (
				CB8DE28127FC0AC500855B7F /* Recipe List App */,
				CB8DE28027FC0AC500855B7F /* Products */,
			);
			sourceTree = "<group>";
		};
		CB8DE28027FC0AC500855B7F /* Products */ = {
			isa = PBXGroup;
			children = (
				CB8DE27F27FC0AC500855B7F /* Recipe List App.app */,
			);
			name = Products;
			sourceTree = "<group>";
		};
		CB8DE28127FC0AC500855B7F /* Recipe List App */ = {
			isa = PBXGroup;
			children = (
				CB8DE28227FC0AC500855B7F /* Recipe_List_App.swift */,
				CB8DE29327FC0AF900855B7F /* Views */,
				CB8DE29427FC0B0800855B7F /* Data */,
				CB8DE29227FC0AF300855B7F /* ViewModels */,
				CB8DE29127FC0AEE00855B7F /* Models */,
				CB8DE29527FC0B1400855B7F /* Services */,
				CB8DE28627FC0AC700855B7F /* Assets.xcassets */,
				CB8DE28827FC0AC700855B7F /* Preview Content */,
			);
			path = "Recipe List App";
			sourceTree = "<group>";
		};
		CB8DE28827FC0AC700855B7F /* Preview Content */ = {
			isa = PBXGroup;
			children = (
				CB8DE28927FC0AC700855B7F /* Preview Assets.xcassets */,
			);
			path = "Preview Content";
			sourceTree = "<group>";
		};
		CB8DE29127FC0AEE00855B7F /* Models */ = {
			isa = PBXGroup;
			children = (
				CB8DE29827FC0BA700855B7F /* Recipe.swift */,
			);
			path = Models;
			sourceTree = "<group>";
		};
		CB8DE29227FC0AF300855B7F /* ViewModels */ = {
			isa = PBXGroup;
			children = (
				CB8DE29A27FC0C7B00855B7F /* RecipeModel.swift */,
			);
			path = ViewModels;
			sourceTree = "<group>";
		};
		CB8DE29327FC0AF900855B7F /* Views */ = {
			isa = PBXGroup;
			children = (
				CB8DE28427FC0AC500855B7F /* ContentView.swift */,
				CB8DE29E27FEB1B700855B7F /* RecipeDetailView.swift */,
			);
			path = Views;
			sourceTree = "<group>";
		};
		CB8DE29427FC0B0800855B7F /* Data */ = {
			isa = PBXGroup;
			children = (
				CB8DE29627FC0B7000855B7F /* recipes.json */,
			);
			path = Data;
			sourceTree = "<group>";
		};
		CB8DE29527FC0B1400855B7F /* Services */ = {
			isa = PBXGroup;
			children = (
				CB8DE29C27FC0D3000855B7F /* DataService.swift */,
			);
			path = Services;
			sourceTree = "<group>";
		};
/* End PBXGroup section */

/* Begin PBXNativeTarget section */
		CB8DE27E27FC0AC500855B7F /* Recipe List App */ = {
			isa = PBXNativeTarget;
			buildConfigurationList = CB8DE28D27FC0AC700855B7F /* Build configuration list for PBXNativeTarget "Recipe List App" */;
			buildPhases = (
				CB8DE27B27FC0AC500855B7F /* Sources */,
				CB8DE27C27FC0AC500855B7F /* Frameworks */,
				CB8DE27D27FC0AC500855B7F /* Resources */,
			);
			buildRules = (
			);
			dependencies = (
			);
			name = "Recipe List App";
			productName = "Recipe List App";
			productReference = CB8DE27F27FC0AC500855B7F /* Recipe List App.app */;
			productType = "com.apple.product-type.application";
		};
/* End PBXNativeTarget section */

/* Begin PBXProject section */
		CB8DE27727FC0AC500855B7F /* Project object */ = {
			isa = PBXProject;
			attributes = {
				BuildIndependentTargetsInParallel = 1;
				LastSwiftUpdateCheck = 1330;
				LastUpgradeCheck = 1330;
				TargetAttributes = {
					CB8DE27E27FC0AC500855B7F = {
						CreatedOnToolsVersion = 13.3;
					};
				};
			};
			buildConfigurationList = CB8DE27A27FC0AC500855B7F /* Build configuration list for PBXProject "Recipe List App" */;
			compatibilityVersion = "Xcode 13.0";
			developmentRegion = en;
			hasScannedForEncodings = 0;
			knownRegions = (
				en,
				Base,
			);
			mainGroup = CB8DE27627FC0AC500855B7F;
			productRefGroup = CB8DE28027FC0AC500855B7F /* Products */;
			projectDirPath = "";
			projectRoot = "";
			targets = (
				CB8DE27E27FC0AC500855B7F /* Recipe List App */,
			);
		};
/* End PBXProject section */

/* Begin PBXResourcesBuildPhase section */
		CB8DE27D27FC0AC500855B7F /* Resources */ = {
			isa = PBXResourcesBuildPhase;
			buildActionMask = 2147483647;
			files = (
				CB8DE28A27FC0AC700855B7F /* Preview Assets.xcassets in Resources */,
				CB8DE29727FC0B7000855B7F /* recipes.json in Resources */,
				CB8DE28727FC0AC700855B7F /* Assets.xcassets in Resources */,
			);
			runOnlyForDeploymentPostprocessing = 0;
		};
/* End PBXResourcesBuildPhase section */

/* Begin PBXSourcesBuildPhase section */
		CB8DE27B27FC0AC500855B7F /* Sources */ = {
			isa = PBXSourcesBuildPhase;
			buildActionMask = 2147483647;
			files = (
				CB8DE29927FC0BA700855B7F /* Recipe.swift in Sources */,
				CB8DE29F27FEB1B700855B7F /* RecipeDetailView.swift in Sources */,
				CB8DE29B27FC0C7B00855B7F /* RecipeModel.swift in Sources */,
				CB8DE28527FC0AC500855B7F /* ContentView.swift in Sources */,
				CB8DE28327FC0AC500855B7F /* Recipe_List_App.swift in Sources */,
				CB8DE29D27FC0D3000855B7F /* DataService.swift in Sources */,
			);
			runOnlyForDeploymentPostprocessing = 0;
		};
/* End PBXSourcesBuildPhase section */

/* Begin XCBuildConfiguration section */
		CB8DE28B27FC0AC700855B7F /* Debug */ = {
			isa = XCBuildConfiguration;
			buildSettings = {
				ALWAYS_SEARCH_USER_PATHS = NO;
				CLANG_ANALYZER_NONNULL = YES;
				CLANG_ANALYZER_NUMBER_OBJECT_CONVERSION = YES_AGGRESSIVE;
				CLANG_CXX_LANGUAGE_STANDARD = "gnu++17";
				CLANG_ENABLE_MODULES = YES;
				CLANG_ENABLE_OBJC_ARC = YES;
				CLANG_ENABLE_OBJC_WEAK = YES;
				CLANG_WARN_BLOCK_CAPTURE_AUTORELEASING = YES;
				CLANG_WARN_BOOL_CONVERSION = YES;
				CLANG_WARN_COMMA = YES;
				CLANG_WARN_CONSTANT_CONVERSION = YES;
				CLANG_WARN_DEPRECATED_OBJC_IMPLEMENTATIONS = YES;
				CLANG_WARN_DIRECT_OBJC_ISA_USAGE = YES_ERROR;
				CLANG_WARN_DOCUMENTATION_COMMENTS = YES;
				CLANG_WARN_EMPTY_BODY = YES;
				CLANG_WARN_ENUM_CONVERSION = YES;
				CLANG_WARN_INFINITE_RECURSION = YES;
				CLANG_WARN_INT_CONVERSION = YES;
				CLANG_WARN_NON_LITERAL_NULL_CONVERSION = YES;
				CLANG_WARN_OBJC_IMPLICIT_RETAIN_SELF = YES;
				CLANG_WARN_OBJC_LITERAL_CONVERSION = YES;
				CLANG_WARN_OBJC_ROOT_CLASS = YES_ERROR;
				CLANG_WARN_QUOTED_INCLUDE_IN_FRAMEWORK_HEADER = YES;
				CLANG_WARN_RANGE_LOOP_ANALYSIS = YES;
				CLANG_WARN_STRICT_PROTOTYPES = YES;
				CLANG_WARN_SUSPICIOUS_MOVE = YES;
				CLANG_WARN_UNGUARDED_AVAILABILITY = YES_AGGRESSIVE;
				CLANG_WARN_UNREACHABLE_CODE = YES;
				CLANG_WARN__DUPLICATE_METHOD_MATCH = YES;
				COPY_PHASE_STRIP = NO;
				DEBUG_INFORMATION_FORMAT = dwarf;
				ENABLE_STRICT_OBJC_MSGSEND = YES;
				ENABLE_TESTABILITY = YES;
				GCC_C_LANGUAGE_STANDARD = gnu11;
				GCC_DYNAMIC_NO_PIC = NO;
				GCC_NO_COMMON_BLOCKS = YES;
				GCC_OPTIMIZATION_LEVEL = 0;
				GCC_PREPROCESSOR_DEFINITIONS = (
					"DEBUG=1",
					"$(inherited)",
				);
				GCC_WARN_64_TO_32_BIT_CONVERSION = YES;
				GCC_WARN_ABOUT_RETURN_TYPE = YES_ERROR;
				GCC_WARN_UNDECLARED_SELECTOR = YES;
				GCC_WARN_UNINITIALIZED_AUTOS = YES_AGGRESSIVE;
				GCC_WARN_UNUSED_FUNCTION = YES;
				GCC_WARN_UNUSED_VARIABLE = YES;
				IPHONEOS_DEPLOYMENT_TARGET = 15.4;
				MTL_ENABLE_DEBUG_INFO = INCLUDE_SOURCE;
				MTL_FAST_MATH = YES;
				ONLY_ACTIVE_ARCH = YES;
				SDKROOT = iphoneos;
				SWIFT_ACTIVE_COMPILATION_CONDITIONS = DEBUG;
				SWIFT_OPTIMIZATION_LEVEL = "-Onone";
			};
			name = Debug;
		};
		CB8DE28C27FC0AC700855B7F /* Release */ = {
			isa = XCBuildConfiguration;
			buildSettings = {
				ALWAYS_SEARCH_USER_PATHS = NO;
				CLANG_ANALYZER_NONNULL = YES;
				CLANG_ANALYZER_NUMBER_OBJECT_CONVERSION = YES_AGGRESSIVE;
				CLANG_CXX_LANGUAGE_STANDARD = "gnu++17";
				CLANG_ENABLE_MODULES = YES;
				CLANG_ENABLE_OBJC_ARC = YES;
				CLANG_ENABLE_OBJC_WEAK = YES;
				CLANG_WARN_BLOCK_CAPTURE_AUTORELEASING = YES;
				CLANG_WARN_BOOL_CONVERSION = YES;
				CLANG_WARN_COMMA = YES;
				CLANG_WARN_CONSTANT_CONVERSION = YES;
				CLANG_WARN_DEPRECATED_OBJC_IMPLEMENTATIONS = YES;
				CLANG_WARN_DIRECT_OBJC_ISA_USAGE = YES_ERROR;
				CLANG_WARN_DOCUMENTATION_COMMENTS = YES;
				CLANG_WARN_EMPTY_BODY = YES;
				CLANG_WARN_ENUM_CONVERSION = YES;
				CLANG_WARN_INFINITE_RECURSION = YES;
				CLANG_WARN_INT_CONVERSION = YES;
				CLANG_WARN_NON_LITERAL_NULL_CONVERSION = YES;
				CLANG_WARN_OBJC_IMPLICIT_RETAIN_SELF = YES;
				CLANG_WARN_OBJC_LITERAL_CONVERSION = YES;
				CLANG_WARN_OBJC_ROOT_CLASS = YES_ERROR;
				CLANG_WARN_QUOTED_INCLUDE_IN_FRAMEWORK_HEADER = YES;
				CLANG_WARN_RANGE_LOOP_ANALYSIS = YES;
				CLANG_WARN_STRICT_PROTOTYPES = YES;
				CLANG_WARN_SUSPICIOUS_MOVE = YES;
				CLANG_WARN_UNGUARDED_AVAILABILITY = YES_AGGRESSIVE;
				CLANG_WARN_UNREACHABLE_CODE = YES;
				CLANG_WARN__DUPLICATE_METHOD_MATCH = YES;
				COPY_PHASE_STRIP = NO;
				DEBUG_INFORMATION_FORMAT = "dwarf-with-dsym";
				ENABLE_NS_ASSERTIONS = NO;
				ENABLE_STRICT_OBJC_MSGSEND = YES;
				GCC_C_LANGUAGE_STANDARD = gnu11;
				GCC_NO_COMMON_BLOCKS = YES;
				GCC_WARN_64_TO_32_BIT_CONVERSION = YES;
				GCC_WARN_ABOUT_RETURN_TYPE = YES_ERROR;
				GCC_WARN_UNDECLARED_SELECTOR = YES;
				GCC_WARN_UNINITIALIZED_AUTOS = YES_AGGRESSIVE;
				GCC_WARN_UNUSED_FUNCTION = YES;
				GCC_WARN_UNUSED_VARIABLE = YES;
				IPHONEOS_DEPLOYMENT_TARGET = 15.4;
				MTL_ENABLE_DEBUG_INFO = NO;
				MTL_FAST_MATH = YES;
				SDKROOT = iphoneos;
				SWIFT_COMPILATION_MODE = wholemodule;
				SWIFT_OPTIMIZATION_LEVEL = "-O";
				VALIDATE_PRODUCT = YES;
			};
			name = Release;
		};
		CB8DE28E27FC0AC700855B7F /* Debug */ = {
			isa = XCBuildConfiguration;
			buildSettings = {
				ASSETCATALOG_COMPILER_APPICON_NAME = AppIcon;
				ASSETCATALOG_COMPILER_GLOBAL_ACCENT_COLOR_NAME = AccentColor;
				CODE_SIGN_STYLE = Automatic;
				CURRENT_PROJECT_VERSION = 1;
				DEVELOPMENT_ASSET_PATHS = "\"Recipe List App/Preview Content\"";
				DEVELOPMENT_TEAM = JRCGD3J9C6;
				ENABLE_PREVIEWS = YES;
				GENERATE_INFOPLIST_FILE = YES;
				INFOPLIST_KEY_UIApplicationSceneManifest_Generation = YES;
				INFOPLIST_KEY_UIApplicationSupportsIndirectInputEvents = YES;
				INFOPLIST_KEY_UILaunchScreen_Generation = YES;
				INFOPLIST_KEY_UISupportedInterfaceOrientations_iPad = "UIInterfaceOrientationPortrait UIInterfaceOrientationPortraitUpsideDown UIInterfaceOrientationLandscapeLeft UIInterfaceOrientationLandscapeRight";
				INFOPLIST_KEY_UISupportedInterfaceOrientations_iPhone = "UIInterfaceOrientationPortrait UIInterfaceOrientationLandscapeLeft UIInterfaceOrientationLandscapeRight";
				LD_RUNPATH_SEARCH_PATHS = (
					"$(inherited)",
					"@executable_path/Frameworks",
				);
				MARKETING_VERSION = 1.0;
				PRODUCT_BUNDLE_IDENTIFIER = "com.personal.Recipe-List-App";
				PRODUCT_NAME = "$(TARGET_NAME)";
				SWIFT_EMIT_LOC_STRINGS = YES;
				SWIFT_VERSION = 5.0;
				TARGETED_DEVICE_FAMILY = "1,2";
			};
			name = Debug;
		};
		CB8DE28F27FC0AC700855B7F /* Release */ = {
			isa = XCBuildConfiguration;
			buildSettings = {
				ASSETCATALOG_COMPILER_APPICON_NAME = AppIcon;
				ASSETCATALOG_COMPILER_GLOBAL_ACCENT_COLOR_NAME = AccentColor;
				CODE_SIGN_STYLE = Automatic;
				CURRENT_PROJECT_VERSION = 1;
				DEVELOPMENT_ASSET_PATHS = "\"Recipe List App/Preview Content\"";
				DEVELOPMENT_TEAM = JRCGD3J9C6;
				ENABLE_PREVIEWS = YES;
				GENERATE_INFOPLIST_FILE = YES;
				INFOPLIST_KEY_UIApplicationSceneManifest_Generation = YES;
				INFOPLIST_KEY_UIApplicationSupportsIndirectInputEvents = YES;
				INFOPLIST_KEY_UILaunchScreen_Generation = YES;
				INFOPLIST_KEY_UISupportedInterfaceOrientations_iPad = "UIInterfaceOrientationPortrait UIInterfaceOrientationPortraitUpsideDown UIInterfaceOrientationLandscapeLeft UIInterfaceOrientationLandscapeRight";
				INFOPLIST_KEY_UISupportedInterfaceOrientations_iPhone = "UIInterfaceOrientationPortrait UIInterfaceOrientationLandscapeLeft UIInterfaceOrientationLandscapeRight";
				LD_RUNPATH_SEARCH_PATHS = (
					"$(inherited)",
					"@executable_path/Frameworks",
				);
				MARKETING_VERSION = 1.0;
				PRODUCT_BUNDLE_IDENTIFIER = "com.personal.Recipe-List-App";
				PRODUCT_NAME = "$(TARGET_NAME)";
				SWIFT_EMIT_LOC_STRINGS = YES;
				SWIFT_VERSION = 5.0;
				TARGETED_DEVICE_FAMILY = "1,2";
			};
			name = Release;
		};
/* End XCBuildConfiguration section */

/* Begin XCConfigurationList section */
		CB8DE27A27FC0AC500855B7F /* Build configuration list for PBXProject "Recipe List App" */ = {
			isa = XCConfigurationList;
			buildConfigurations = (
				CB8DE28B27FC0AC700855B7F /* Debug */,
				CB8DE28C27FC0AC700855B7F /* Release */,
			);
			defaultConfigurationIsVisible = 0;
			defaultConfigurationName = Release;
		};
		CB8DE28D27FC0AC700855B7F /* Build configuration list for PBXNativeTarget "Recipe List App" */ = {
			isa = XCConfigurationList;
			buildConfigurations = (
				CB8DE28E27FC0AC700855B7F /* Debug */,
				CB8DE28F27FC0AC700855B7F /* Release */,
			);
			defaultConfigurationIsVisible = 0;
			defaultConfigurationName = Release;
		};
/* End XCConfigurationList section */
	};
	rootObject = CB8DE27727FC0AC500855B7F /* Project object */;
}
